// !$*UTF8*$!
{
	archiveVersion = 1;
	classes = {
	};
	objectVersion = 46;
	objects = {

/* Begin PBXBuildFile section */
		B11089D16DF96CC4813E871A /* libPods-Read It.a in Frameworks */ = {isa = PBXBuildFile; fileRef = 8FECD6136E21E4700ACCEC53 /* libPods-Read It.a */; };
		B61CA4551DACC6A8009F0249 /* FirstViewController.swift in Sources */ = {isa = PBXBuildFile; fileRef = B61CA4541DACC6A8009F0249 /* FirstViewController.swift */; };
		B6C00C451D8B5439005DAB1E /* AppDelegate.swift in Sources */ = {isa = PBXBuildFile; fileRef = B6C00C441D8B5439005DAB1E /* AppDelegate.swift */; };
		B6C00C471D8B5439005DAB1E /* ViewController.swift in Sources */ = {isa = PBXBuildFile; fileRef = B6C00C461D8B5439005DAB1E /* ViewController.swift */; };
		B6C00C4A1D8B5439005DAB1E /* Main.storyboard in Resources */ = {isa = PBXBuildFile; fileRef = B6C00C481D8B5439005DAB1E /* Main.storyboard */; };
		B6C00C4D1D8B5439005DAB1E /* Read_It.xcdatamodeld in Sources */ = {isa = PBXBuildFile; fileRef = B6C00C4B1D8B5439005DAB1E /* Read_It.xcdatamodeld */; };
		B6C00C4F1D8B5439005DAB1E /* Assets.xcassets in Resources */ = {isa = PBXBuildFile; fileRef = B6C00C4E1D8B5439005DAB1E /* Assets.xcassets */; };
		B6C00C521D8B5439005DAB1E /* LaunchScreen.storyboard in Resources */ = {isa = PBXBuildFile; fileRef = B6C00C501D8B5439005DAB1E /* LaunchScreen.storyboard */; };
		B6C00C5D1D8B543A005DAB1E /* Read_ItTests.swift in Sources */ = {isa = PBXBuildFile; fileRef = B6C00C5C1D8B543A005DAB1E /* Read_ItTests.swift */; };
		B6C00C681D8B543A005DAB1E /* Read_ItUITests.swift in Sources */ = {isa = PBXBuildFile; fileRef = B6C00C671D8B543A005DAB1E /* Read_ItUITests.swift */; };
		B6DF4AE61D8B563500477617 /* common.swift in Sources */ = {isa = PBXBuildFile; fileRef = B6DF4AE51D8B563500477617 /* common.swift */; };
		B6DF4AF01D8BA2A100477617 /* RSSTableViewCell.swift in Sources */ = {isa = PBXBuildFile; fileRef = B6DF4AEF1D8BA2A100477617 /* RSSTableViewCell.swift */; };
		B6DF4AFB1D8D529B00477617 /* Read_ItRSSInfo+CoreDataClass.swift in Sources */ = {isa = PBXBuildFile; fileRef = B6DF4AF91D8D529B00477617 /* Read_ItRSSInfo+CoreDataClass.swift */; };
		B6DF4AFC1D8D529B00477617 /* Read_ItRSSInfo+CoreDataProperties.swift in Sources */ = {isa = PBXBuildFile; fileRef = B6DF4AFA1D8D529B00477617 /* Read_ItRSSInfo+CoreDataProperties.swift */; };
/* End PBXBuildFile section */

/* Begin PBXContainerItemProxy section */
		B6C00C591D8B5439005DAB1E /* PBXContainerItemProxy */ = {
			isa = PBXContainerItemProxy;
			containerPortal = B6C00C391D8B5436005DAB1E /* Project object */;
			proxyType = 1;
			remoteGlobalIDString = B6C00C401D8B5436005DAB1E;
			remoteInfo = "Read It";
		};
		B6C00C641D8B543A005DAB1E /* PBXContainerItemProxy */ = {
			isa = PBXContainerItemProxy;
			containerPortal = B6C00C391D8B5436005DAB1E /* Project object */;
			proxyType = 1;
			remoteGlobalIDString = B6C00C401D8B5436005DAB1E;
			remoteInfo = "Read It";
		};
/* End PBXContainerItemProxy section */

/* Begin PBXFileReference section */
		8FECD6136E21E4700ACCEC53 /* libPods-Read It.a */ = {isa = PBXFileReference; explicitFileType = archive.ar; includeInIndex = 0; path = "libPods-Read It.a"; sourceTree = BUILT_PRODUCTS_DIR; };
		96750E2BC7CCAC7EBCD74451 /* Pods-Read It.release.xcconfig */ = {isa = PBXFileReference; includeInIndex = 1; lastKnownFileType = text.xcconfig; name = "Pods-Read It.release.xcconfig"; path = "Pods/Target Support Files/Pods-Read It/Pods-Read It.release.xcconfig"; sourceTree = "<group>"; };
		B61CA4541DACC6A8009F0249 /* FirstViewController.swift */ = {isa = PBXFileReference; fileEncoding = 4; lastKnownFileType = sourcecode.swift; path = FirstViewController.swift; sourceTree = "<group>"; };
		B6C00C411D8B5439005DAB1E /* Read It.app */ = {isa = PBXFileReference; explicitFileType = wrapper.application; includeInIndex = 0; path = "Read It.app"; sourceTree = BUILT_PRODUCTS_DIR; };
		B6C00C441D8B5439005DAB1E /* AppDelegate.swift */ = {isa = PBXFileReference; lastKnownFileType = sourcecode.swift; path = AppDelegate.swift; sourceTree = "<group>"; };
		B6C00C461D8B5439005DAB1E /* ViewController.swift */ = {isa = PBXFileReference; lastKnownFileType = sourcecode.swift; path = ViewController.swift; sourceTree = "<group>"; };
		B6C00C491D8B5439005DAB1E /* Base */ = {isa = PBXFileReference; lastKnownFileType = file.storyboard; name = Base; path = Base.lproj/Main.storyboard; sourceTree = "<group>"; };
		B6C00C4C1D8B5439005DAB1E /* Read_It.xcdatamodel */ = {isa = PBXFileReference; lastKnownFileType = wrapper.xcdatamodel; path = Read_It.xcdatamodel; sourceTree = "<group>"; };
		B6C00C4E1D8B5439005DAB1E /* Assets.xcassets */ = {isa = PBXFileReference; lastKnownFileType = folder.assetcatalog; path = Assets.xcassets; sourceTree = "<group>"; };
		B6C00C511D8B5439005DAB1E /* Base */ = {isa = PBXFileReference; lastKnownFileType = file.storyboard; name = Base; path = Base.lproj/LaunchScreen.storyboard; sourceTree = "<group>"; };
		B6C00C531D8B5439005DAB1E /* Info.plist */ = {isa = PBXFileReference; lastKnownFileType = text.plist.xml; path = Info.plist; sourceTree = "<group>"; };
		B6C00C581D8B5439005DAB1E /* Read ItTests.xctest */ = {isa = PBXFileReference; explicitFileType = wrapper.cfbundle; includeInIndex = 0; path = "Read ItTests.xctest"; sourceTree = BUILT_PRODUCTS_DIR; };
		B6C00C5C1D8B543A005DAB1E /* Read_ItTests.swift */ = {isa = PBXFileReference; lastKnownFileType = sourcecode.swift; path = Read_ItTests.swift; sourceTree = "<group>"; };
		B6C00C5E1D8B543A005DAB1E /* Info.plist */ = {isa = PBXFileReference; lastKnownFileType = text.plist.xml; path = Info.plist; sourceTree = "<group>"; };
		B6C00C631D8B543A005DAB1E /* Read ItUITests.xctest */ = {isa = PBXFileReference; explicitFileType = wrapper.cfbundle; includeInIndex = 0; path = "Read ItUITests.xctest"; sourceTree = BUILT_PRODUCTS_DIR; };
		B6C00C671D8B543A005DAB1E /* Read_ItUITests.swift */ = {isa = PBXFileReference; lastKnownFileType = sourcecode.swift; path = Read_ItUITests.swift; sourceTree = "<group>"; };
		B6C00C691D8B543A005DAB1E /* Info.plist */ = {isa = PBXFileReference; lastKnownFileType = text.plist.xml; path = Info.plist; sourceTree = "<group>"; };
		B6DF4AE51D8B563500477617 /* common.swift */ = {isa = PBXFileReference; fileEncoding = 4; lastKnownFileType = sourcecode.swift; path = common.swift; sourceTree = "<group>"; };
		B6DF4AEA1D8B699F00477617 /* Read It-Bridging-Header.h */ = {isa = PBXFileReference; lastKnownFileType = sourcecode.c.h; path = "Read It-Bridging-Header.h"; sourceTree = "<group>"; };
		B6DF4AEF1D8BA2A100477617 /* RSSTableViewCell.swift */ = {isa = PBXFileReference; fileEncoding = 4; lastKnownFileType = sourcecode.swift; path = RSSTableViewCell.swift; sourceTree = "<group>"; };
		B6DF4AF91D8D529B00477617 /* Read_ItRSSInfo+CoreDataClass.swift */ = {isa = PBXFileReference; fileEncoding = 4; lastKnownFileType = sourcecode.swift; path = "Read_ItRSSInfo+CoreDataClass.swift"; sourceTree = "<group>"; };
		B6DF4AFA1D8D529B00477617 /* Read_ItRSSInfo+CoreDataProperties.swift */ = {isa = PBXFileReference; fileEncoding = 4; lastKnownFileType = sourcecode.swift; path = "Read_ItRSSInfo+CoreDataProperties.swift"; sourceTree = "<group>"; };
		D8C7A859355D1ED60451451F /* Pods-Read It.debug.xcconfig */ = {isa = PBXFileReference; includeInIndex = 1; lastKnownFileType = text.xcconfig; name = "Pods-Read It.debug.xcconfig"; path = "Pods/Target Support Files/Pods-Read It/Pods-Read It.debug.xcconfig"; sourceTree = "<group>"; };
/* End PBXFileReference section */

/* Begin PBXFrameworksBuildPhase section */
		B6C00C3E1D8B5436005DAB1E /* Frameworks */ = {
			isa = PBXFrameworksBuildPhase;
			buildActionMask = 2147483647;
			files = (
				B11089D16DF96CC4813E871A /* libPods-Read It.a in Frameworks */,
			);
			runOnlyForDeploymentPostprocessing = 0;
		};
		B6C00C551D8B5439005DAB1E /* Frameworks */ = {
			isa = PBXFrameworksBuildPhase;
			buildActionMask = 2147483647;
			files = (
			);
			runOnlyForDeploymentPostprocessing = 0;
		};
		B6C00C601D8B543A005DAB1E /* Frameworks */ = {
			isa = PBXFrameworksBuildPhase;
			buildActionMask = 2147483647;
			files = (
			);
			runOnlyForDeploymentPostprocessing = 0;
		};
/* End PBXFrameworksBuildPhase section */

/* Begin PBXGroup section */
		57EA0034859B4743906813D7 /* Frameworks */ = {
			isa = PBXGroup;
			children = (
				8FECD6136E21E4700ACCEC53 /* libPods-Read It.a */,
			);
			name = Frameworks;
			sourceTree = "<group>";
		};
		B6C00C381D8B5436005DAB1E = {
			isa = PBXGroup;
			children = (
				B6C00C431D8B5439005DAB1E /* Read It */,
				B6C00C5B1D8B5439005DAB1E /* Read ItTests */,
				B6C00C661D8B543A005DAB1E /* Read ItUITests */,
				B6C00C421D8B5439005DAB1E /* Products */,
				BA2E5219A0720C3119E2FD30 /* Pods */,
				57EA0034859B4743906813D7 /* Frameworks */,
			);
			sourceTree = "<group>";
		};
		B6C00C421D8B5439005DAB1E /* Products */ = {
			isa = PBXGroup;
			children = (
				B6C00C411D8B5439005DAB1E /* Read It.app */,
				B6C00C581D8B5439005DAB1E /* Read ItTests.xctest */,
				B6C00C631D8B543A005DAB1E /* Read ItUITests.xctest */,
			);
			name = Products;
			sourceTree = "<group>";
		};
		B6C00C431D8B5439005DAB1E /* Read It */ = {
			isa = PBXGroup;
			children = (
				B6DF4AEE1D8B73AE00477617 /* Supporting Files */,
				B6C00C441D8B5439005DAB1E /* AppDelegate.swift */,
				B6DF4AEF1D8BA2A100477617 /* RSSTableViewCell.swift */,
				B6C00C461D8B5439005DAB1E /* ViewController.swift */,
				B61CA4541DACC6A8009F0249 /* FirstViewController.swift */,
				B6C00C481D8B5439005DAB1E /* Main.storyboard */,
				B6C00C4E1D8B5439005DAB1E /* Assets.xcassets */,
				B6C00C501D8B5439005DAB1E /* LaunchScreen.storyboard */,
				B6C00C4B1D8B5439005DAB1E /* Read_It.xcdatamodeld */,
			);
			path = "Read It";
			sourceTree = "<group>";
		};
		B6C00C5B1D8B5439005DAB1E /* Read ItTests */ = {
			isa = PBXGroup;
			children = (
				B6C00C5C1D8B543A005DAB1E /* Read_ItTests.swift */,
				B6C00C5E1D8B543A005DAB1E /* Info.plist */,
			);
			path = "Read ItTests";
			sourceTree = "<group>";
		};
		B6C00C661D8B543A005DAB1E /* Read ItUITests */ = {
			isa = PBXGroup;
			children = (
				B6C00C671D8B543A005DAB1E /* Read_ItUITests.swift */,
				B6C00C691D8B543A005DAB1E /* Info.plist */,
			);
			path = "Read ItUITests";
			sourceTree = "<group>";
		};
		B6DF4AEE1D8B73AE00477617 /* Supporting Files */ = {
			isa = PBXGroup;
			children = (
				B6DF4AF91D8D529B00477617 /* Read_ItRSSInfo+CoreDataClass.swift */,
				B6DF4AFA1D8D529B00477617 /* Read_ItRSSInfo+CoreDataProperties.swift */,
				B6DF4AE51D8B563500477617 /* common.swift */,
				B6DF4AEA1D8B699F00477617 /* Read It-Bridging-Header.h */,
				B6C00C531D8B5439005DAB1E /* Info.plist */,
			);
			name = "Supporting Files";
			sourceTree = "<group>";
		};
		BA2E5219A0720C3119E2FD30 /* Pods */ = {
			isa = PBXGroup;
			children = (
				D8C7A859355D1ED60451451F /* Pods-Read It.debug.xcconfig */,
				96750E2BC7CCAC7EBCD74451 /* Pods-Read It.release.xcconfig */,
			);
			name = Pods;
			sourceTree = "<group>";
		};
/* End PBXGroup section */

/* Begin PBXNativeTarget section */
		B6C00C401D8B5436005DAB1E /* Read It */ = {
			isa = PBXNativeTarget;
			buildConfigurationList = B6C00C6C1D8B543A005DAB1E /* Build configuration list for PBXNativeTarget "Read It" */;
			buildPhases = (
				D5655C78A8B54B75F612EBA9 /* 📦 Check Pods Manifest.lock */,
				B6C00C3D1D8B5436005DAB1E /* Sources */,
				B6C00C3E1D8B5436005DAB1E /* Frameworks */,
				B6C00C3F1D8B5436005DAB1E /* Resources */,
				22476A1628C7B50642B4BEFE /* 📦 Embed Pods Frameworks */,
				28DCA564B6ADE50BCFEA2B1A /* 📦 Copy Pods Resources */,
			);
			buildRules = (
			);
			dependencies = (
			);
			name = "Read It";
			productName = "Read It";
			productReference = B6C00C411D8B5439005DAB1E /* Read It.app */;
			productType = "com.apple.product-type.application";
		};
		B6C00C571D8B5439005DAB1E /* Read ItTests */ = {
			isa = PBXNativeTarget;
			buildConfigurationList = B6C00C6F1D8B543A005DAB1E /* Build configuration list for PBXNativeTarget "Read ItTests" */;
			buildPhases = (
				B6C00C541D8B5439005DAB1E /* Sources */,
				B6C00C551D8B5439005DAB1E /* Frameworks */,
				B6C00C561D8B5439005DAB1E /* Resources */,
			);
			buildRules = (
			);
			dependencies = (
				B6C00C5A1D8B5439005DAB1E /* PBXTargetDependency */,
			);
			name = "Read ItTests";
			productName = "Read ItTests";
			productReference = B6C00C581D8B5439005DAB1E /* Read ItTests.xctest */;
			productType = "com.apple.product-type.bundle.unit-test";
		};
		B6C00C621D8B543A005DAB1E /* Read ItUITests */ = {
			isa = PBXNativeTarget;
			buildConfigurationList = B6C00C721D8B543A005DAB1E /* Build configuration list for PBXNativeTarget "Read ItUITests" */;
			buildPhases = (
				B6C00C5F1D8B543A005DAB1E /* Sources */,
				B6C00C601D8B543A005DAB1E /* Frameworks */,
				B6C00C611D8B543A005DAB1E /* Resources */,
			);
			buildRules = (
			);
			dependencies = (
				B6C00C651D8B543A005DAB1E /* PBXTargetDependency */,
			);
			name = "Read ItUITests";
			productName = "Read ItUITests";
			productReference = B6C00C631D8B543A005DAB1E /* Read ItUITests.xctest */;
			productType = "com.apple.product-type.bundle.ui-testing";
		};
/* End PBXNativeTarget section */

/* Begin PBXProject section */
		B6C00C391D8B5436005DAB1E /* Project object */ = {
			isa = PBXProject;
			attributes = {
				LastSwiftUpdateCheck = 0800;
				LastUpgradeCheck = 0800;
				ORGANIZATIONNAME = "Smart Pollen";
				TargetAttributes = {
					B6C00C401D8B5436005DAB1E = {
						CreatedOnToolsVersion = 8.0;
						DevelopmentTeam = VZ7BD3RTLX;
						LastSwiftMigration = 0800;
						ProvisioningStyle = Automatic;
					};
					B6C00C571D8B5439005DAB1E = {
						CreatedOnToolsVersion = 8.0;
						DevelopmentTeam = VZ7BD3RTLX;
						ProvisioningStyle = Automatic;
						TestTargetID = B6C00C401D8B5436005DAB1E;
					};
					B6C00C621D8B543A005DAB1E = {
						CreatedOnToolsVersion = 8.0;
						DevelopmentTeam = VZ7BD3RTLX;
						ProvisioningStyle = Automatic;
						TestTargetID = B6C00C401D8B5436005DAB1E;
					};
				};
			};
			buildConfigurationList = B6C00C3C1D8B5436005DAB1E /* Build configuration list for PBXProject "Read It" */;
			compatibilityVersion = "Xcode 3.2";
			developmentRegion = English;
			hasScannedForEncodings = 0;
			knownRegions = (
				en,
				Base,
			);
			mainGroup = B6C00C381D8B5436005DAB1E;
			productRefGroup = B6C00C421D8B5439005DAB1E /* Products */;
			projectDirPath = "";
			projectRoot = "";
			targets = (
				B6C00C401D8B5436005DAB1E /* Read It */,
				B6C00C571D8B5439005DAB1E /* Read ItTests */,
				B6C00C621D8B543A005DAB1E /* Read ItUITests */,
			);
		};
/* End PBXProject section */

/* Begin PBXResourcesBuildPhase section */
		B6C00C3F1D8B5436005DAB1E /* Resources */ = {
			isa = PBXResourcesBuildPhase;
			buildActionMask = 2147483647;
			files = (
				B6C00C521D8B5439005DAB1E /* LaunchScreen.storyboard in Resources */,
				B6C00C4F1D8B5439005DAB1E /* Assets.xcassets in Resources */,
				B6C00C4A1D8B5439005DAB1E /* Main.storyboard in Resources */,
			);
			runOnlyForDeploymentPostprocessing = 0;
		};
		B6C00C561D8B5439005DAB1E /* Resources */ = {
			isa = PBXResourcesBuildPhase;
			buildActionMask = 2147483647;
			files = (
			);
			runOnlyForDeploymentPostprocessing = 0;
		};
		B6C00C611D8B543A005DAB1E /* Resources */ = {
			isa = PBXResourcesBuildPhase;
			buildActionMask = 2147483647;
			files = (
			);
			runOnlyForDeploymentPostprocessing = 0;
		};
/* End PBXResourcesBuildPhase section */

/* Begin PBXShellScriptBuildPhase section */
		22476A1628C7B50642B4BEFE /* 📦 Embed Pods Frameworks */ = {
			isa = PBXShellScriptBuildPhase;
			buildActionMask = 2147483647;
			files = (
			);
			inputPaths = (
			);
			name = "📦 Embed Pods Frameworks";
			outputPaths = (
			);
			runOnlyForDeploymentPostprocessing = 0;
			shellPath = /bin/sh;
			shellScript = "\"${SRCROOT}/Pods/Target Support Files/Pods-Read It/Pods-Read It-frameworks.sh\"\n";
			showEnvVarsInLog = 0;
		};
		28DCA564B6ADE50BCFEA2B1A /* 📦 Copy Pods Resources */ = {
			isa = PBXShellScriptBuildPhase;
			buildActionMask = 2147483647;
			files = (
			);
			inputPaths = (
			);
			name = "📦 Copy Pods Resources";
			outputPaths = (
			);
			runOnlyForDeploymentPostprocessing = 0;
			shellPath = /bin/sh;
			shellScript = "\"${SRCROOT}/Pods/Target Support Files/Pods-Read It/Pods-Read It-resources.sh\"\n";
			showEnvVarsInLog = 0;
		};
		D5655C78A8B54B75F612EBA9 /* 📦 Check Pods Manifest.lock */ = {
			isa = PBXShellScriptBuildPhase;
			buildActionMask = 2147483647;
			files = (
			);
			inputPaths = (
			);
			name = "📦 Check Pods Manifest.lock";
			outputPaths = (
			);
			runOnlyForDeploymentPostprocessing = 0;
			shellPath = /bin/sh;
			shellScript = "diff \"${PODS_ROOT}/../Podfile.lock\" \"${PODS_ROOT}/Manifest.lock\" > /dev/null\nif [[ $? != 0 ]] ; then\n    cat << EOM\nerror: The sandbox is not in sync with the Podfile.lock. Run 'pod install' or update your CocoaPods installation.\nEOM\n    exit 1\nfi\n";
			showEnvVarsInLog = 0;
		};
/* End PBXShellScriptBuildPhase section */

/* Begin PBXSourcesBuildPhase section */
		B6C00C3D1D8B5436005DAB1E /* Sources */ = {
			isa = PBXSourcesBuildPhase;
			buildActionMask = 2147483647;
			files = (
				B6DF4AF01D8BA2A100477617 /* RSSTableViewCell.swift in Sources */,
				B6DF4AFC1D8D529B00477617 /* Read_ItRSSInfo+CoreDataProperties.swift in Sources */,
				B6DF4AE61D8B563500477617 /* common.swift in Sources */,
				B61CA4551DACC6A8009F0249 /* FirstViewController.swift in Sources */,
				B6C00C471D8B5439005DAB1E /* ViewController.swift in Sources */,
				B6DF4AFB1D8D529B00477617 /* Read_ItRSSInfo+CoreDataClass.swift in Sources */,
				B6C00C4D1D8B5439005DAB1E /* Read_It.xcdatamodeld in Sources */,
				B6C00C451D8B5439005DAB1E /* AppDelegate.swift in Sources */,
			);
			runOnlyForDeploymentPostprocessing = 0;
		};
		B6C00C541D8B5439005DAB1E /* Sources */ = {
			isa = PBXSourcesBuildPhase;
			buildActionMask = 2147483647;
			files = (
				B6C00C5D1D8B543A005DAB1E /* Read_ItTests.swift in Sources */,
			);
			runOnlyForDeploymentPostprocessing = 0;
		};
		B6C00C5F1D8B543A005DAB1E /* Sources */ = {
			isa = PBXSourcesBuildPhase;
			buildActionMask = 2147483647;
			files = (
				B6C00C681D8B543A005DAB1E /* Read_ItUITests.swift in Sources */,
			);
			runOnlyForDeploymentPostprocessing = 0;
		};
/* End PBXSourcesBuildPhase section */

/* Begin PBXTargetDependency section */
		B6C00C5A1D8B5439005DAB1E /* PBXTargetDependency */ = {
			isa = PBXTargetDependency;
			target = B6C00C401D8B5436005DAB1E /* Read It */;
			targetProxy = B6C00C591D8B5439005DAB1E /* PBXContainerItemProxy */;
		};
		B6C00C651D8B543A005DAB1E /* PBXTargetDependency */ = {
			isa = PBXTargetDependency;
			target = B6C00C401D8B5436005DAB1E /* Read It */;
			targetProxy = B6C00C641D8B543A005DAB1E /* PBXContainerItemProxy */;
		};
/* End PBXTargetDependency section */

/* Begin PBXVariantGroup section */
		B6C00C481D8B5439005DAB1E /* Main.storyboard */ = {
			isa = PBXVariantGroup;
			children = (
				B6C00C491D8B5439005DAB1E /* Base */,
			);
			name = Main.storyboard;
			sourceTree = "<group>";
		};
		B6C00C501D8B5439005DAB1E /* LaunchScreen.storyboard */ = {
			isa = PBXVariantGroup;
			children = (
				B6C00C511D8B5439005DAB1E /* Base */,
			);
			name = LaunchScreen.storyboard;
			sourceTree = "<group>";
		};
/* End PBXVariantGroup section */

/* Begin XCBuildConfiguration section */
		B6C00C6A1D8B543A005DAB1E /* Debug */ = {
			isa = XCBuildConfiguration;
			buildSettings = {
				ALWAYS_SEARCH_USER_PATHS = NO;
				CLANG_ANALYZER_NONNULL = YES;
				CLANG_CXX_LANGUAGE_STANDARD = "gnu++0x";
				CLANG_CXX_LIBRARY = "libc++";
				CLANG_ENABLE_MODULES = YES;
				CLANG_ENABLE_OBJC_ARC = YES;
				CLANG_WARN_BOOL_CONVERSION = YES;
				CLANG_WARN_CONSTANT_CONVERSION = YES;
				CLANG_WARN_DIRECT_OBJC_ISA_USAGE = YES_ERROR;
				CLANG_WARN_DOCUMENTATION_COMMENTS = YES;
				CLANG_WARN_EMPTY_BODY = YES;
				CLANG_WARN_ENUM_CONVERSION = YES;
				CLANG_WARN_INFINITE_RECURSION = YES;
				CLANG_WARN_INT_CONVERSION = YES;
				CLANG_WARN_OBJC_ROOT_CLASS = YES_ERROR;
				CLANG_WARN_SUSPICIOUS_MOVE = YES;
				CLANG_WARN_SUSPICIOUS_MOVES = YES;
				CLANG_WARN_UNREACHABLE_CODE = YES;
				CLANG_WARN__DUPLICATE_METHOD_MATCH = YES;
				"CODE_SIGN_IDENTITY[sdk=iphoneos*]" = "iPhone Developer";
				COPY_PHASE_STRIP = NO;
				DEBUG_INFORMATION_FORMAT = dwarf;
				ENABLE_STRICT_OBJC_MSGSEND = YES;
				ENABLE_TESTABILITY = YES;
				GCC_C_LANGUAGE_STANDARD = gnu99;
				GCC_DYNAMIC_NO_PIC = NO;
				GCC_NO_COMMON_BLOCKS = YES;
				GCC_OPTIMIZATION_LEVEL = 0;
				GCC_PREPROCESSOR_DEFINITIONS = (
					"DEBUG=1",
					"$(inherited)",
				);
				GCC_WARN_64_TO_32_BIT_CONVERSION = YES;
				GCC_WARN_ABOUT_RETURN_TYPE = YES_ERROR;
				GCC_WARN_UNDECLARED_SELECTOR = YES;
				GCC_WARN_UNINITIALIZED_AUTOS = YES_AGGRESSIVE;
				GCC_WARN_UNUSED_FUNCTION = YES;
				GCC_WARN_UNUSED_VARIABLE = YES;
				IPHONEOS_DEPLOYMENT_TARGET = 10.0;
				MTL_ENABLE_DEBUG_INFO = YES;
				ONLY_ACTIVE_ARCH = YES;
				SDKROOT = iphoneos;
				SWIFT_ACTIVE_COMPILATION_CONDITIONS = DEBUG;
				SWIFT_OPTIMIZATION_LEVEL = "-Onone";
			};
			name = Debug;
		};
		B6C00C6B1D8B543A005DAB1E /* Release */ = {
			isa = XCBuildConfiguration;
			buildSettings = {
				ALWAYS_SEARCH_USER_PATHS = NO;
				CLANG_ANALYZER_NONNULL = YES;
				CLANG_CXX_LANGUAGE_STANDARD = "gnu++0x";
				CLANG_CXX_LIBRARY = "libc++";
				CLANG_ENABLE_MODULES = YES;
				CLANG_ENABLE_OBJC_ARC = YES;
				CLANG_WARN_BOOL_CONVERSION = YES;
				CLANG_WARN_CONSTANT_CONVERSION = YES;
				CLANG_WARN_DIRECT_OBJC_ISA_USAGE = YES_ERROR;
				CLANG_WARN_DOCUMENTATION_COMMENTS = YES;
				CLANG_WARN_EMPTY_BODY = YES;
				CLANG_WARN_ENUM_CONVERSION = YES;
				CLANG_WARN_INFINITE_RECURSION = YES;
				CLANG_WARN_INT_CONVERSION = YES;
				CLANG_WARN_OBJC_ROOT_CLASS = YES_ERROR;
				CLANG_WARN_SUSPICIOUS_MOVE = YES;
				CLANG_WARN_SUSPICIOUS_MOVES = YES;
				CLANG_WARN_UNREACHABLE_CODE = YES;
				CLANG_WARN__DUPLICATE_METHOD_MATCH = YES;
				"CODE_SIGN_IDENTITY[sdk=iphoneos*]" = "iPhone Developer";
				COPY_PHASE_STRIP = NO;
				DEBUG_INFORMATION_FORMAT = "dwarf-with-dsym";
				ENABLE_NS_ASSERTIONS = NO;
				ENABLE_STRICT_OBJC_MSGSEND = YES;
				GCC_C_LANGUAGE_STANDARD = gnu99;
				GCC_NO_COMMON_BLOCKS = YES;
				GCC_WARN_64_TO_32_BIT_CONVERSION = YES;
				GCC_WARN_ABOUT_RETURN_TYPE = YES_ERROR;
				GCC_WARN_UNDECLARED_SELECTOR = YES;
				GCC_WARN_UNINITIALIZED_AUTOS = YES_AGGRESSIVE;
				GCC_WARN_UNUSED_FUNCTION = YES;
				GCC_WARN_UNUSED_VARIABLE = YES;
				IPHONEOS_DEPLOYMENT_TARGET = 10.0;
				MTL_ENABLE_DEBUG_INFO = NO;
				SDKROOT = iphoneos;
				SWIFT_OPTIMIZATION_LEVEL = "-Owholemodule";
				VALIDATE_PRODUCT = YES;
			};
			name = Release;
		};
		B6C00C6D1D8B543A005DAB1E /* Debug */ = {
			isa = XCBuildConfiguration;
			baseConfigurationReference = D8C7A859355D1ED60451451F /* Pods-Read It.debug.xcconfig */;
			buildSettings = {
				ASSETCATALOG_COMPILER_APPICON_NAME = AppIcon;
				CLANG_ENABLE_MODULES = YES;
				DEVELOPMENT_TEAM = VZ7BD3RTLX;
				INFOPLIST_FILE = "Read It/Info.plist";
				LD_RUNPATH_SEARCH_PATHS = "$(inherited) @executable_path/Frameworks";
				PRODUCT_BUNDLE_IDENTIFIER = "ruili.Read-It";
				PRODUCT_NAME = "$(TARGET_NAME)";
				SWIFT_OBJC_BRIDGING_HEADER = "Read It/Read It-Bridging-Header.h";
				SWIFT_OPTIMIZATION_LEVEL = "-Onone";
				SWIFT_VERSION = 3.0;
			};
			name = Debug;
		};
		B6C00C6E1D8B543A005DAB1E /* Release */ = {
			isa = XCBuildConfiguration;
			baseConfigurationReference = 96750E2BC7CCAC7EBCD74451 /* Pods-Read It.release.xcconfig */;
			buildSettings = {
				ASSETCATALOG_COMPILER_APPICON_NAME = AppIcon;
				CLANG_ENABLE_MODULES = YES;
				DEVELOPMENT_TEAM = VZ7BD3RTLX;
				INFOPLIST_FILE = "Read It/Info.plist";
				LD_RUNPATH_SEARCH_PATHS = "$(inherited) @executable_path/Frameworks";
				PRODUCT_BUNDLE_IDENTIFIER = "ruili.Read-It";
				PRODUCT_NAME = "$(TARGET_NAME)";
				SWIFT_OBJC_BRIDGING_HEADER = "Read It/Read It-Bridging-Header.h";
				SWIFT_VERSION = 3.0;
			};
			name = Release;
		};
		B6C00C701D8B543A005DAB1E /* Debug */ = {
			isa = XCBuildConfiguration;
			buildSettings = {
				ALWAYS_EMBED_SWIFT_STANDARD_LIBRARIES = YES;
				BUNDLE_LOADER = "$(TEST_HOST)";
				DEVELOPMENT_TEAM = VZ7BD3RTLX;
				INFOPLIST_FILE = "Read ItTests/Info.plist";
				LD_RUNPATH_SEARCH_PATHS = "$(inherited) @executable_path/Frameworks @loader_path/Frameworks";
				PRODUCT_BUNDLE_IDENTIFIER = "ruili.Read-ItTests";
				PRODUCT_NAME = "$(TARGET_NAME)";
				SWIFT_VERSION = 3.0;
				TEST_HOST = "$(BUILT_PRODUCTS_DIR)/Read It.app/Read It";
			};
			name = Debug;
		};
		B6C00C711D8B543A005DAB1E /* Release */ = {
			isa = XCBuildConfiguration;
			buildSettings = {
				ALWAYS_EMBED_SWIFT_STANDARD_LIBRARIES = YES;
				BUNDLE_LOADER = "$(TEST_HOST)";
				DEVELOPMENT_TEAM = VZ7BD3RTLX;
				INFOPLIST_FILE = "Read ItTests/Info.plist";
				LD_RUNPATH_SEARCH_PATHS = "$(inherited) @executable_path/Frameworks @loader_path/Frameworks";
				PRODUCT_BUNDLE_IDENTIFIER = "ruili.Read-ItTests";
				PRODUCT_NAME = "$(TARGET_NAME)";
				SWIFT_VERSION = 3.0;
				TEST_HOST = "$(BUILT_PRODUCTS_DIR)/Read It.app/Read It";
			};
			name = Release;
		};
		B6C00C731D8B543A005DAB1E /* Debug */ = {
			isa = XCBuildConfiguration;
			buildSettings = {
				ALWAYS_EMBED_SWIFT_STANDARD_LIBRARIES = YES;
				DEVELOPMENT_TEAM = VZ7BD3RTLX;
				INFOPLIST_FILE = "Read ItUITests/Info.plist";
				LD_RUNPATH_SEARCH_PATHS = "$(inherited) @executable_path/Frameworks @loader_path/Frameworks";
				PRODUCT_BUNDLE_IDENTIFIER = "ruili.Read-ItUITests";
				PRODUCT_NAME = "$(TARGET_NAME)";
				SWIFT_VERSION = 3.0;
				TEST_TARGET_NAME = "Read It";
			};
			name = Debug;
		};
		B6C00C741D8B543A005DAB1E /* Release */ = {
			isa = XCBuildConfiguration;
			buildSettings = {
				ALWAYS_EMBED_SWIFT_STANDARD_LIBRARIES = YES;
				DEVELOPMENT_TEAM = VZ7BD3RTLX;
				INFOPLIST_FILE = "Read ItUITests/Info.plist";
				LD_RUNPATH_SEARCH_PATHS = "$(inherited) @executable_path/Frameworks @loader_path/Frameworks";
				PRODUCT_BUNDLE_IDENTIFIER = "ruili.Read-ItUITests";
				PRODUCT_NAME = "$(TARGET_NAME)";
				SWIFT_VERSION = 3.0;
				TEST_TARGET_NAME = "Read It";
			};
			name = Release;
		};
/* End XCBuildConfiguration section */

/* Begin XCConfigurationList section */
		B6C00C3C1D8B5436005DAB1E /* Build configuration list for PBXProject "Read It" */ = {
			isa = XCConfigurationList;
			buildConfigurations = (
				B6C00C6A1D8B543A005DAB1E /* Debug */,
				B6C00C6B1D8B543A005DAB1E /* Release */,
			);
			defaultConfigurationIsVisible = 0;
			defaultConfigurationName = Release;
		};
		B6C00C6C1D8B543A005DAB1E /* Build configuration list for PBXNativeTarget "Read It" */ = {
			isa = XCConfigurationList;
			buildConfigurations = (
				B6C00C6D1D8B543A005DAB1E /* Debug */,
				B6C00C6E1D8B543A005DAB1E /* Release */,
			);
			defaultConfigurationIsVisible = 0;
			defaultConfigurationName = Release;
		};
		B6C00C6F1D8B543A005DAB1E /* Build configuration list for PBXNativeTarget "Read ItTests" */ = {
			isa = XCConfigurationList;
			buildConfigurations = (
				B6C00C701D8B543A005DAB1E /* Debug */,
				B6C00C711D8B543A005DAB1E /* Release */,
			);
			defaultConfigurationIsVisible = 0;
			defaultConfigurationName = Release;
		};
		B6C00C721D8B543A005DAB1E /* Build configuration list for PBXNativeTarget "Read ItUITests" */ = {
			isa = XCConfigurationList;
			buildConfigurations = (
				B6C00C731D8B543A005DAB1E /* Debug */,
				B6C00C741D8B543A005DAB1E /* Release */,
			);
			defaultConfigurationIsVisible = 0;
			defaultConfigurationName = Release;
		};
/* End XCConfigurationList section */

/* Begin XCVersionGroup section */
		B6C00C4B1D8B5439005DAB1E /* Read_It.xcdatamodeld */ = {
			isa = XCVersionGroup;
			children = (
				B6C00C4C1D8B5439005DAB1E /* Read_It.xcdatamodel */,
			);
			currentVersion = B6C00C4C1D8B5439005DAB1E /* Read_It.xcdatamodel */;
			path = Read_It.xcdatamodeld;
			sourceTree = "<group>";
			versionGroupType = wrapper.xcdatamodel;
		};
/* End XCVersionGroup section */
	};
	rootObject = B6C00C391D8B5436005DAB1E /* Project object */;
}
